
Microsoft Visual Studio Solution File, Format Version 12.00
# Visual Studio Version 16
VisualStudioVersion = 16.0.31205.134
MinimumVisualStudioVersion = 10.0.40219.1
Project("{FAE04EC0-301F-11D3-BF4B-00C04F79EFBC}") = "XMV-mvc", "XMV-mvc\XMV-mvc.csproj", "{8A6B10C6-46DB-404D-B7BF-485EEB69E321}"
EndProject
Global
	GlobalSection(SolutionConfigurationPlatforms) = preSolution
		Debug|Any CPU = Debug|Any CPU
		Release|Any CPU = Release|Any CPU
	EndGlobalSection
	GlobalSection(ProjectConfigurationPlatforms) = postSolution
		{8A6B10C6-46DB-404D-B7BF-485EEB69E321}.Debug|Any CPU.ActiveCfg = Debug|Any CPU
		{8A6B10C6-46DB-404D-B7BF-485EEB69E321}.Debug|Any CPU.Build.0 = Debug|Any CPU
		{8A6B10C6-46DB-404D-B7BF-485EEB69E321}.Release|Any CPU.ActiveCfg = Release|Any CPU
		{8A6B10C6-46DB-404D-B7BF-485EEB69E321}.Release|Any CPU.Build.0 = Release|Any CPU
	EndGlobalSection
	GlobalSection(SolutionProperties) = preSolution
		HideSolutionNode = FALSE
	EndGlobalSection
	GlobalSection(ExtensibilityGlobals) = postSolution
		SolutionGuid = {64E04024-9907-4AA5-90A4-4647C92C476D}
	EndGlobalSection
EndGlobal
